<?xml version="1.0" encoding="utf-8"?>
<Project ToolsVersion="4.0" xmlns="http://schemas.microsoft.com/developer/msbuild/2003">
  <ItemGroup>
    <Filter Include="src">
      <UniqueIdentifier>{693d29f9-ab1a-40e4-b990-54ff8f636002}</UniqueIdentifier>
    </Filter>
    <Filter Include="Dependencies">
      <UniqueIdentifier>{ed0c02f8-2dfe-4fe5-8e03-fddce7b19bcc}</UniqueIdentifier>
    </Filter>
    <Filter Include="Dependencies\disasm">
      <UniqueIdentifier>{b45d386e-87c5-4e30-b9c6-a4397e122c75}</UniqueIdentifier>
    </Filter>
    <Filter Include="Utilities">
      <UniqueIdentifier>{ae34f276-2d47-472f-a430-b70f6652529e}</UniqueIdentifier>
    </Filter>
    <Filter Include="Constants">
      <UniqueIdentifier>{4e018a54-4297-4188-8bd6-903e29606696}</UniqueIdentifier>
    </Filter>
    <Filter Include="Managers">
      <UniqueIdentifier>{09643a15-7723-4757-8081-77311731da3f}</UniqueIdentifier>
    </Filter>
    <Filter Include="src\Managers">
      <UniqueIdentifier>{c34b2d24-afc4-4555-9c27-32008718f2f7}</UniqueIdentifier>
    </Filter>
    <Filter Include="src\Utilities">
      <UniqueIdentifier>{88afd6b9-5690-4eb1-a674-f46588d1f8aa}</UniqueIdentifier>
    </Filter>
    <Filter Include="Context">
      <UniqueIdentifier>{61197b20-cff8-45c7-a877-dd6ad197f8c0}</UniqueIdentifier>
    </Filter>
    <Filter Include="GameContainers">
      <UniqueIdentifier>{ba2d8b80-12eb-459a-83f8-0e429eda007d}</UniqueIdentifier>
    </Filter>
    <Filter Include="GameEntities">
      <UniqueIdentifier>{00ae97e4-a570-4056-a2e6-3031d97e58d0}</UniqueIdentifier>
    </Filter>
    <Filter Include="Packets">
      <UniqueIdentifier>{99998bce-68f7-4dc4-82a6-193f869faeb1}</UniqueIdentifier>
    </Filter>
    <Filter Include="src\GameEntities">
      <UniqueIdentifier>{f52c901e-5ee0-4979-9dd3-cd848720cf7e}</UniqueIdentifier>
    </Filter>
  </ItemGroup>
  <ItemGroup>
    <ClInclude Include="Dependencies\disasm\ld32.h">
      <Filter>Dependencies\disasm</Filter>
    </ClInclude>
    <ClInclude Include="GWCA\GWCA.h" />
    <ClInclude Include="GWCA\Constants\Maps.h">
      <Filter>Constants</Filter>
    </ClInclude>
    <ClInclude Include="GWCA\Constants\Skills.h">
      <Filter>Constants</Filter>
    </ClInclude>
    <ClInclude Include="GWCA\Constants\Constants.h">
      <Filter>Constants</Filter>
    </ClInclude>
    <ClInclude Include="GWCA\Managers\AgentMgr.h">
      <Filter>Managers</Filter>
    </ClInclude>
    <ClInclude Include="GWCA\Managers\CameraMgr.h">
      <Filter>Managers</Filter>
    </ClInclude>
    <ClInclude Include="GWCA\Managers\ChatMgr.h">
      <Filter>Managers</Filter>
    </ClInclude>
    <ClInclude Include="GWCA\Managers\CtoSMgr.h">
      <Filter>Managers</Filter>
    </ClInclude>
    <ClInclude Include="GWCA\Managers\EffectMgr.h">
      <Filter>Managers</Filter>
    </ClInclude>
    <ClInclude Include="GWCA\Managers\FriendListMgr.h">
      <Filter>Managers</Filter>
    </ClInclude>
    <ClInclude Include="GWCA\Managers\GameThreadMgr.h">
      <Filter>Managers</Filter>
    </ClInclude>
    <ClInclude Include="GWCA\Managers\GuildMgr.h">
      <Filter>Managers</Filter>
    </ClInclude>
    <ClInclude Include="GWCA\Managers\GWCAManager.h">
      <Filter>Managers</Filter>
    </ClInclude>
    <ClInclude Include="GWCA\Managers\ItemMgr.h">
      <Filter>Managers</Filter>
    </ClInclude>
    <ClInclude Include="GWCA\Managers\MapMgr.h">
      <Filter>Managers</Filter>
    </ClInclude>
    <ClInclude Include="GWCA\Managers\MemoryMgr.h">
      <Filter>Managers</Filter>
    </ClInclude>
    <ClInclude Include="GWCA\Managers\MerchantMgr.h">
      <Filter>Managers</Filter>
    </ClInclude>
    <ClInclude Include="GWCA\Managers\PartyMgr.h">
      <Filter>Managers</Filter>
    </ClInclude>
    <ClInclude Include="GWCA\Managers\PlayerMgr.h">
      <Filter>Managers</Filter>
    </ClInclude>
    <ClInclude Include="GWCA\Managers\SkillbarMgr.h">
      <Filter>Managers</Filter>
    </ClInclude>
    <ClInclude Include="GWCA\Managers\StoCMgr.h">
      <Filter>Managers</Filter>
    </ClInclude>
    <ClInclude Include="GWCA\Utilities\Hooker.h">
      <Filter>Utilities</Filter>
    </ClInclude>
    <ClInclude Include="GWCA\Utilities\MemoryPatcher.h">
      <Filter>Utilities</Filter>
    </ClInclude>
    <ClInclude Include="GWCA\Utilities\PatternScanner.h">
      <Filter>Utilities</Filter>
    </ClInclude>
    <ClInclude Include="GWCA\Context\AgentContext.h">
      <Filter>Context</Filter>
    </ClInclude>
    <ClInclude Include="GWCA\Context\CharContext.h">
      <Filter>Context</Filter>
    </ClInclude>
    <ClInclude Include="GWCA\Context\GameContext.h">
      <Filter>Context</Filter>
    </ClInclude>
    <ClInclude Include="GWCA\Context\GuildContext.h">
      <Filter>Context</Filter>
    </ClInclude>
    <ClInclude Include="GWCA\Context\ItemContext.h">
      <Filter>Context</Filter>
    </ClInclude>
    <ClInclude Include="GWCA\Context\MapContext.h">
      <Filter>Context</Filter>
    </ClInclude>
    <ClInclude Include="GWCA\Context\PartyContext.h">
      <Filter>Context</Filter>
    </ClInclude>
    <ClInclude Include="GWCA\Context\TradeContext.h">
      <Filter>Context</Filter>
    </ClInclude>
    <ClInclude Include="GWCA\Context\WorldContext.h">
      <Filter>Context</Filter>
    </ClInclude>
    <ClInclude Include="GWCA\GameContainers\gw_array.h">
      <Filter>GameContainers</Filter>
    </ClInclude>
    <ClInclude Include="GWCA\GameEntities\Agent.h">
      <Filter>GameEntities</Filter>
    </ClInclude>
    <ClInclude Include="GWCA\GameEntities\Attribute.h">
      <Filter>GameEntities</Filter>
    </ClInclude>
    <ClInclude Include="GWCA\GameEntities\Camera.h">
      <Filter>GameEntities</Filter>
    </ClInclude>
    <ClInclude Include="GWCA\GameEntities\Friendslist.h">
      <Filter>GameEntities</Filter>
    </ClInclude>
    <ClInclude Include="GWCA\GameEntities\Guild.h">
      <Filter>GameEntities</Filter>
    </ClInclude>
    <ClInclude Include="GWCA\GameEntities\Hero.h">
      <Filter>GameEntities</Filter>
    </ClInclude>
    <ClInclude Include="GWCA\GameEntities\Item.h">
      <Filter>GameEntities</Filter>
    </ClInclude>
    <ClInclude Include="GWCA\GameEntities\Map.h">
      <Filter>GameEntities</Filter>
    </ClInclude>
    <ClInclude Include="GWCA\GameEntities\NPC.h">
      <Filter>GameEntities</Filter>
    </ClInclude>
    <ClInclude Include="GWCA\GameEntities\Party.h">
      <Filter>GameEntities</Filter>
    </ClInclude>
    <ClInclude Include="GWCA\GameEntities\Pathing.h">
      <Filter>GameEntities</Filter>
    </ClInclude>
    <ClInclude Include="GWCA\GameEntities\Player.h">
      <Filter>GameEntities</Filter>
    </ClInclude>
    <ClInclude Include="GWCA\GameEntities\Position.h">
      <Filter>GameEntities</Filter>
    </ClInclude>
    <ClInclude Include="GWCA\GameEntities\Quest.h">
      <Filter>GameEntities</Filter>
    </ClInclude>
    <ClInclude Include="GWCA\GameEntities\Skill.h">
      <Filter>GameEntities</Filter>
    </ClInclude>
    <ClInclude Include="GWCA\GameEntities\Title.h">
      <Filter>GameEntities</Filter>
    </ClInclude>
    <ClInclude Include="GWCA\Packets\StoC.h">
      <Filter>Packets</Filter>
    </ClInclude>
    <ClInclude Include="GWCA\GWStructures.h" />
    <ClInclude Include="GWCA\Constants\ItemIDs.h">
      <Filter>Constants</Filter>
    </ClInclude>
    <ClInclude Include="GWCA\Constants\AgentIDs.h">
      <Filter>Constants</Filter>
    </ClInclude>
    <ClInclude Include="GWCA\Constants\QuestIDs.h">
      <Filter>Constants</Filter>
    </ClInclude>
    <ClInclude Include="GWCA\Packets\CtoS.h">
      <Filter>Packets</Filter>
    </ClInclude>
  </ItemGroup>
  <ItemGroup>
    <ClCompile Include="Dependencies\disasm\ld32.c">
      <Filter>Dependencies\disasm</Filter>
    </ClCompile>
    <ClCompile Include="GWCA\src\Managers\AgentMgr.cpp">
      <Filter>src\Managers</Filter>
    </ClCompile>
    <ClCompile Include="GWCA\src\Managers\CameraMgr.cpp">
      <Filter>src\Managers</Filter>
    </ClCompile>
    <ClCompile Include="GWCA\src\Managers\ChatMgr.cpp">
      <Filter>src\Managers</Filter>
    </ClCompile>
    <ClCompile Include="GWCA\src\Managers\CtoSMgr.cpp">
      <Filter>src\Managers</Filter>
    </ClCompile>
    <ClCompile Include="GWCA\src\Managers\EffectMgr.cpp">
      <Filter>src\Managers</Filter>
    </ClCompile>
    <ClCompile Include="GWCA\src\Managers\FriendListMgr.cpp">
      <Filter>src\Managers</Filter>
    </ClCompile>
    <ClCompile Include="GWCA\src\Managers\GameThreadMgr.cpp">
      <Filter>src\Managers</Filter>
    </ClCompile>
    <ClCompile Include="GWCA\src\Managers\GuildMgr.cpp">
      <Filter>src\Managers</Filter>
    </ClCompile>
    <ClCompile Include="GWCA\src\Managers\GWCAManager.cpp">
      <Filter>src\Managers</Filter>
    </ClCompile>
    <ClCompile Include="GWCA\src\Managers\ItemMgr.cpp">
      <Filter>src\Managers</Filter>
    </ClCompile>
    <ClCompile Include="GWCA\src\Managers\MapMgr.cpp">
      <Filter>src\Managers</Filter>
    </ClCompile>
    <ClCompile Include="GWCA\src\Managers\MemoryMgr.cpp">
      <Filter>src\Managers</Filter>
    </ClCompile>
    <ClCompile Include="GWCA\src\Managers\MerchantMgr.cpp">
      <Filter>src\Managers</Filter>
    </ClCompile>
    <ClCompile Include="GWCA\src\Managers\PartyMgr.cpp">
      <Filter>src\Managers</Filter>
    </ClCompile>
    <ClCompile Include="GWCA\src\Managers\SkillbarMgr.cpp">
      <Filter>src\Managers</Filter>
    </ClCompile>
    <ClCompile Include="GWCA\src\Managers\StoCMgr.cpp">
      <Filter>src\Managers</Filter>
    </ClCompile>
    <ClCompile Include="GWCA\src\Utilities\Hooker.cpp">
      <Filter>src\Utilities</Filter>
    </ClCompile>
    <ClCompile Include="GWCA\src\Utilities\MemoryPatcher.cpp">
      <Filter>src\Utilities</Filter>
    </ClCompile>
    <ClCompile Include="GWCA\src\Utilities\PatternScanner.cpp">
      <Filter>src\Utilities</Filter>
    </ClCompile>
    <ClCompile Include="GWCA\src\GWCA.cpp">
      <Filter>src</Filter>
    </ClCompile>
    <ClCompile Include="GWCA\src\Managers\PlayerMgr.cpp">
      <Filter>src\Managers</Filter>
    </ClCompile>
    <ClCompile Include="GWCA\src\GameEntities\Skill.cpp">
      <Filter>src\GameEntities</Filter>
    </ClCompile>
  </ItemGroup>
</Project>