
Microsoft Visual Studio Solution File, Format Version 12.00
# Visual Studio Version 16
VisualStudioVersion = 16.0.28803.202
MinimumVisualStudioVersion = 10.0.40219.1
Project("{8BC9CEB8-8B4A-11D0-8D11-00A0C91BC942}") = "PacketLogger", "PacketLogger.vcxproj", "{5AFD5193-1EE6-44BA-AC97-F50BEAB30EBC}"
EndProject
Project("{8BC9CEB8-8B4A-11D0-8D11-00A0C91BC942}") = "GWCA", "..\..\vc\GWCA.vcxproj", "{B3359F05-68CF-4E7F-B9D6-D106F6D48A38}"
EndProject
Project("{8BC9CEB8-8B4A-11D0-8D11-00A0C91BC942}") = "MinHook", "..\..\vc\MinHook.vcxproj", "{AC820BBA-BB5B-4D8C-96FF-EA8138CEED52}"
EndProject
Global
	GlobalSection(SolutionConfigurationPlatforms) = preSolution
		Debug|x64 = Debug|x64
		Debug|x86 = Debug|x86
		Release|x64 = Release|x64
		Release|x86 = Release|x86
	EndGlobalSection
	GlobalSection(ProjectConfigurationPlatforms) = postSolution
		{5AFD5193-1EE6-44BA-AC97-F50BEAB30EBC}.Debug|x64.ActiveCfg = Debug|x64
		{5AFD5193-1EE6-44BA-AC97-F50BEAB30EBC}.Debug|x64.Build.0 = Debug|x64
		{5AFD5193-1EE6-44BA-AC97-F50BEAB30EBC}.Debug|x86.ActiveCfg = Debug|Win32
		{5AFD5193-1EE6-44BA-AC97-F50BEAB30EBC}.Debug|x86.Build.0 = Debug|Win32
		{5AFD5193-1EE6-44BA-AC97-F50BEAB30EBC}.Release|x64.ActiveCfg = Release|x64
		{5AFD5193-1EE6-44BA-AC97-F50BEAB30EBC}.Release|x64.Build.0 = Release|x64
		{5AFD5193-1EE6-44BA-AC97-F50BEAB30EBC}.Release|x86.ActiveCfg = Release|Win32
		{5AFD5193-1EE6-44BA-AC97-F50BEAB30EBC}.Release|x86.Build.0 = Release|Win32
		{B3359F05-68CF-4E7F-B9D6-D106F6D48A38}.Debug|x64.ActiveCfg = Debug|Win32
		{B3359F05-68CF-4E7F-B9D6-D106F6D48A38}.Debug|x86.ActiveCfg = Debug|Win32
		{B3359F05-68CF-4E7F-B9D6-D106F6D48A38}.Debug|x86.Build.0 = Debug|Win32
		{B3359F05-68CF-4E7F-B9D6-D106F6D48A38}.Release|x64.ActiveCfg = Release|Win32
		{B3359F05-68CF-4E7F-B9D6-D106F6D48A38}.Release|x86.ActiveCfg = Release|Win32
		{B3359F05-68CF-4E7F-B9D6-D106F6D48A38}.Release|x86.Build.0 = Release|Win32
		{AC820BBA-BB5B-4D8C-96FF-EA8138CEED52}.Debug|x64.ActiveCfg = Debug|x64
		{AC820BBA-BB5B-4D8C-96FF-EA8138CEED52}.Debug|x64.Build.0 = Debug|x64
		{AC820BBA-BB5B-4D8C-96FF-EA8138CEED52}.Debug|x86.ActiveCfg = Debug|Win32
		{AC820BBA-BB5B-4D8C-96FF-EA8138CEED52}.Debug|x86.Build.0 = Debug|Win32
		{AC820BBA-BB5B-4D8C-96FF-EA8138CEED52}.Release|x64.ActiveCfg = Release|x64
		{AC820BBA-BB5B-4D8C-96FF-EA8138CEED52}.Release|x64.Build.0 = Release|x64
		{AC820BBA-BB5B-4D8C-96FF-EA8138CEED52}.Release|x86.ActiveCfg = Release|Win32
		{AC820BBA-BB5B-4D8C-96FF-EA8138CEED52}.Release|x86.Build.0 = Release|Win32
	EndGlobalSection
	GlobalSection(SolutionProperties) = preSolution
		HideSolutionNode = FALSE
	EndGlobalSection
	GlobalSection(ExtensibilityGlobals) = postSolution
		SolutionGuid = {ECCF57D9-9563-4247-ABE5-829E249DEACF}
	EndGlobalSection
EndGlobal
