<?xml version="1.0" encoding="utf-8"?>
<Project ToolsVersion="4.0" xmlns="http://schemas.microsoft.com/developer/msbuild/2003">
  <ItemGroup>
    <ClCompile Include="..\GWCA\src\AgentMgr.cpp">
      <Filter>src</Filter>
    </ClCompile>
    <ClCompile Include="..\GWCA\src\CameraMgr.cpp">
      <Filter>src</Filter>
    </ClCompile>
    <ClCompile Include="..\GWCA\src\ChatMgr.cpp">
      <Filter>src</Filter>
    </ClCompile>
    <ClCompile Include="..\GWCA\src\CtoSMgr.cpp">
      <Filter>src</Filter>
    </ClCompile>
    <ClCompile Include="..\GWCA\src\EffectMgr.cpp">
      <Filter>src</Filter>
    </ClCompile>
    <ClCompile Include="..\GWCA\src\FriendListMgr.cpp">
      <Filter>src</Filter>
    </ClCompile>
    <ClCompile Include="..\GWCA\src\GameThreadMgr.cpp">
      <Filter>src</Filter>
    </ClCompile>
    <ClCompile Include="..\GWCA\src\GuildMgr.cpp">
      <Filter>src</Filter>
    </ClCompile>
    <ClCompile Include="..\GWCA\src\GWCA.cpp">
      <Filter>src</Filter>
    </ClCompile>
    <ClCompile Include="..\GWCA\src\Hooker.cpp">
      <Filter>src</Filter>
    </ClCompile>
    <ClCompile Include="..\GWCA\src\ItemMgr.cpp">
      <Filter>src</Filter>
    </ClCompile>
    <ClCompile Include="src\main.cpp">
      <Filter>src</Filter>
    </ClCompile>
    <ClCompile Include="..\GWCA\src\MapMgr.cpp">
      <Filter>src</Filter>
    </ClCompile>
    <ClCompile Include="..\GWCA\src\MemoryMgr.cpp">
      <Filter>src</Filter>
    </ClCompile>
    <ClCompile Include="..\GWCA\src\MemoryPatcher.cpp">
      <Filter>src</Filter>
    </ClCompile>
    <ClCompile Include="..\GWCA\src\MerchantMgr.cpp">
      <Filter>src</Filter>
    </ClCompile>
    <ClCompile Include="..\GWCA\src\PartyMgr.cpp">
      <Filter>src</Filter>
    </ClCompile>
    <ClCompile Include="..\GWCA\src\PlayerMgr.cpp">
      <Filter>src</Filter>
    </ClCompile>
    <ClCompile Include="..\GWCA\src\Render.cpp">
      <Filter>src</Filter>
    </ClCompile>
    <ClCompile Include="..\GWCA\src\Scanner.cpp">
      <Filter>src</Filter>
    </ClCompile>
    <ClCompile Include="..\GWCA\src\Skill.cpp">
      <Filter>src</Filter>
    </ClCompile>
    <ClCompile Include="..\GWCA\src\SkillbarMgr.cpp">
      <Filter>src</Filter>
    </ClCompile>
    <ClCompile Include="..\GWCA\src\StoCMgr.cpp">
      <Filter>src</Filter>
    </ClCompile>
    <ClCompile Include="..\GWCA\src\TradeMgr.cpp">
      <Filter>src</Filter>
    </ClCompile>
    <ClCompile Include="..\GWCA\src\UIMgr.cpp">
      <Filter>src</Filter>
    </ClCompile>
  </ItemGroup>
  <ItemGroup>
    <Filter Include="src">
      <UniqueIdentifier>{4e93b175-d316-4776-9b43-ffc5da7a23ce}</UniqueIdentifier>
    </Filter>
  </ItemGroup>
</Project>